// !$*UTF8*$!
{
	archiveVersion = 1;
	classes = {
	};
	objectVersion = 56;
	objects = {

/* Begin PBXBuildFile section */
		2C09AC8A2AFFDE770057533A /* Chip8CPU.swift in Sources */ = {isa = PBXBuildFile; fileRef = 2C09AC892AFFDE770057533A /* Chip8CPU.swift */; };
		2C09AC8B2AFFDE770057533A /* Chip8CPU.swift in Sources */ = {isa = PBXBuildFile; fileRef = 2C09AC892AFFDE770057533A /* Chip8CPU.swift */; };
		2C09AC8C2AFFDE770057533A /* Chip8CPU.swift in Sources */ = {isa = PBXBuildFile; fileRef = 2C09AC892AFFDE770057533A /* Chip8CPU.swift */; };
		2CE1F39C299439B3009338D4 /* AppDelegate.swift in Sources */ = {isa = PBXBuildFile; fileRef = 2CE1F39B299439B3009338D4 /* AppDelegate.swift */; };
		2CE1F39E299439B3009338D4 /* GameViewController.swift in Sources */ = {isa = PBXBuildFile; fileRef = 2CE1F39D299439B3009338D4 /* GameViewController.swift */; };
		2CE1F3A1299439B3009338D4 /* Main.storyboard in Resources */ = {isa = PBXBuildFile; fileRef = 2CE1F39F299439B3009338D4 /* Main.storyboard */; };
		2CE1F3A4299439B3009338D4 /* LaunchScreen.storyboard in Resources */ = {isa = PBXBuildFile; fileRef = 2CE1F3A2299439B3009338D4 /* LaunchScreen.storyboard */; };
		2CE1F3AC299439B3009338D4 /* AppDelegate.swift in Sources */ = {isa = PBXBuildFile; fileRef = 2CE1F3AB299439B3009338D4 /* AppDelegate.swift */; };
		2CE1F3AE299439B3009338D4 /* GameViewController.swift in Sources */ = {isa = PBXBuildFile; fileRef = 2CE1F3AD299439B3009338D4 /* GameViewController.swift */; };
		2CE1F3B1299439B3009338D4 /* Main.storyboard in Resources */ = {isa = PBXBuildFile; fileRef = 2CE1F3AF299439B3009338D4 /* Main.storyboard */; };
		2CE1F3B4299439B3009338D4 /* LaunchScreen.storyboard in Resources */ = {isa = PBXBuildFile; fileRef = 2CE1F3B2299439B3009338D4 /* LaunchScreen.storyboard */; };
		2CE1F3BC299439B4009338D4 /* AppDelegate.swift in Sources */ = {isa = PBXBuildFile; fileRef = 2CE1F3BB299439B4009338D4 /* AppDelegate.swift */; };
		2CE1F3BE299439B4009338D4 /* GameViewController.swift in Sources */ = {isa = PBXBuildFile; fileRef = 2CE1F3BD299439B4009338D4 /* GameViewController.swift */; };
		2CE1F3C1299439B4009338D4 /* Main.storyboard in Resources */ = {isa = PBXBuildFile; fileRef = 2CE1F3BF299439B4009338D4 /* Main.storyboard */; };
		2CE1F3C6299439B4009338D4 /* GameScene.sks in Resources */ = {isa = PBXBuildFile; fileRef = 2CE1F391299439B0009338D4 /* GameScene.sks */; };
		2CE1F3C7299439B4009338D4 /* GameScene.sks in Resources */ = {isa = PBXBuildFile; fileRef = 2CE1F391299439B0009338D4 /* GameScene.sks */; };
		2CE1F3C8299439B4009338D4 /* GameScene.sks in Resources */ = {isa = PBXBuildFile; fileRef = 2CE1F391299439B0009338D4 /* GameScene.sks */; };
		2CE1F3C9299439B4009338D4 /* GameScene.swift in Sources */ = {isa = PBXBuildFile; fileRef = 2CE1F392299439B0009338D4 /* GameScene.swift */; };
		2CE1F3CA299439B4009338D4 /* GameScene.swift in Sources */ = {isa = PBXBuildFile; fileRef = 2CE1F392299439B0009338D4 /* GameScene.swift */; };
		2CE1F3CB299439B4009338D4 /* GameScene.swift in Sources */ = {isa = PBXBuildFile; fileRef = 2CE1F392299439B0009338D4 /* GameScene.swift */; };
		2CE1F3CC299439B4009338D4 /* Assets.xcassets in Resources */ = {isa = PBXBuildFile; fileRef = 2CE1F393299439B3009338D4 /* Assets.xcassets */; };
		2CE1F3CD299439B4009338D4 /* Assets.xcassets in Resources */ = {isa = PBXBuildFile; fileRef = 2CE1F393299439B3009338D4 /* Assets.xcassets */; };
		2CE1F3CE299439B4009338D4 /* Assets.xcassets in Resources */ = {isa = PBXBuildFile; fileRef = 2CE1F393299439B3009338D4 /* Assets.xcassets */; };
/* End PBXBuildFile section */

/* Begin PBXFileReference section */
		2C09AC892AFFDE770057533A /* Chip8CPU.swift */ = {isa = PBXFileReference; lastKnownFileType = sourcecode.swift; path = Chip8CPU.swift; sourceTree = "<group>"; };
		2CE1F391299439B0009338D4 /* GameScene.sks */ = {isa = PBXFileReference; lastKnownFileType = file.sks; path = GameScene.sks; sourceTree = "<group>"; };
		2CE1F392299439B0009338D4 /* GameScene.swift */ = {isa = PBXFileReference; lastKnownFileType = sourcecode.swift; path = GameScene.swift; sourceTree = "<group>"; };
		2CE1F393299439B3009338D4 /* Assets.xcassets */ = {isa = PBXFileReference; lastKnownFileType = folder.assetcatalog; path = Assets.xcassets; sourceTree = "<group>"; };
		2CE1F398299439B3009338D4 /* Chip8.app */ = {isa = PBXFileReference; explicitFileType = wrapper.application; includeInIndex = 0; path = Chip8.app; sourceTree = BUILT_PRODUCTS_DIR; };
		2CE1F39B299439B3009338D4 /* AppDelegate.swift */ = {isa = PBXFileReference; lastKnownFileType = sourcecode.swift; path = AppDelegate.swift; sourceTree = "<group>"; };
		2CE1F39D299439B3009338D4 /* GameViewController.swift */ = {isa = PBXFileReference; lastKnownFileType = sourcecode.swift; path = GameViewController.swift; sourceTree = "<group>"; };
		2CE1F3A0299439B3009338D4 /* Base */ = {isa = PBXFileReference; lastKnownFileType = file.storyboard; name = Base; path = Base.lproj/Main.storyboard; sourceTree = "<group>"; };
		2CE1F3A3299439B3009338D4 /* Base */ = {isa = PBXFileReference; lastKnownFileType = file.storyboard; name = Base; path = Base.lproj/LaunchScreen.storyboard; sourceTree = "<group>"; };
		2CE1F3A9299439B3009338D4 /* Chip8.app */ = {isa = PBXFileReference; explicitFileType = wrapper.application; includeInIndex = 0; path = Chip8.app; sourceTree = BUILT_PRODUCTS_DIR; };
		2CE1F3AB299439B3009338D4 /* AppDelegate.swift */ = {isa = PBXFileReference; lastKnownFileType = sourcecode.swift; path = AppDelegate.swift; sourceTree = "<group>"; };
		2CE1F3AD299439B3009338D4 /* GameViewController.swift */ = {isa = PBXFileReference; lastKnownFileType = sourcecode.swift; path = GameViewController.swift; sourceTree = "<group>"; };
		2CE1F3B0299439B3009338D4 /* Base */ = {isa = PBXFileReference; lastKnownFileType = file.storyboard; name = Base; path = Base.lproj/Main.storyboard; sourceTree = "<group>"; };
		2CE1F3B3299439B3009338D4 /* Base */ = {isa = PBXFileReference; lastKnownFileType = file.storyboard; name = Base; path = Base.lproj/LaunchScreen.storyboard; sourceTree = "<group>"; };
		2CE1F3B9299439B4009338D4 /* Chip8.app */ = {isa = PBXFileReference; explicitFileType = wrapper.application; includeInIndex = 0; path = Chip8.app; sourceTree = BUILT_PRODUCTS_DIR; };
		2CE1F3BB299439B4009338D4 /* AppDelegate.swift */ = {isa = PBXFileReference; lastKnownFileType = sourcecode.swift; path = AppDelegate.swift; sourceTree = "<group>"; };
		2CE1F3BD299439B4009338D4 /* GameViewController.swift */ = {isa = PBXFileReference; lastKnownFileType = sourcecode.swift; path = GameViewController.swift; sourceTree = "<group>"; };
		2CE1F3C0299439B4009338D4 /* Base */ = {isa = PBXFileReference; lastKnownFileType = file.storyboard; name = Base; path = Base.lproj/Main.storyboard; sourceTree = "<group>"; };
		2CE1F3C2299439B4009338D4 /* Chip8_macOS.entitlements */ = {isa = PBXFileReference; lastKnownFileType = text.plist.entitlements; path = Chip8_macOS.entitlements; sourceTree = "<group>"; };
/* End PBXFileReference section */

/* Begin PBXFrameworksBuildPhase section */
		2CE1F395299439B3009338D4 /* Frameworks */ = {
			isa = PBXFrameworksBuildPhase;
			buildActionMask = 2147483647;
			files = (
			);
			runOnlyForDeploymentPostprocessing = 0;
		};
		2CE1F3A6299439B3009338D4 /* Frameworks */ = {
			isa = PBXFrameworksBuildPhase;
			buildActionMask = 2147483647;
			files = (
			);
			runOnlyForDeploymentPostprocessing = 0;
		};
		2CE1F3B6299439B4009338D4 /* Frameworks */ = {
			isa = PBXFrameworksBuildPhase;
			buildActionMask = 2147483647;
			files = (
			);
			runOnlyForDeploymentPostprocessing = 0;
		};
/* End PBXFrameworksBuildPhase section */

/* Begin PBXGroup section */
		2CE1F38A299439AF009338D4 = {
			isa = PBXGroup;
			children = (
				2CE1F39A299439B3009338D4 /* Chip8 iOS */,
				2CE1F3BA299439B4009338D4 /* Chip8 macOS */,
				2CE1F38F299439B0009338D4 /* Chip8 Shared */,
				2CE1F3AA299439B3009338D4 /* Chip8 tvOS */,
				2CE1F399299439B3009338D4 /* Products */,
			);
			sourceTree = "<group>";
		};
		2CE1F38F299439B0009338D4 /* Chip8 Shared */ = {
			isa = PBXGroup;
			children = (
				2CE1F391299439B0009338D4 /* GameScene.sks */,
				2C09AC892AFFDE770057533A /* Chip8CPU.swift */,
				2CE1F392299439B0009338D4 /* GameScene.swift */,
				2CE1F393299439B3009338D4 /* Assets.xcassets */,
			);
			path = "Chip8 Shared";
			sourceTree = "<group>";
		};
		2CE1F399299439B3009338D4 /* Products */ = {
			isa = PBXGroup;
			children = (
				2CE1F398299439B3009338D4 /* Chip8.app */,
				2CE1F3A9299439B3009338D4 /* Chip8.app */,
				2CE1F3B9299439B4009338D4 /* Chip8.app */,
			);
			name = Products;
			sourceTree = "<group>";
		};
		2CE1F39A299439B3009338D4 /* Chip8 iOS */ = {
			isa = PBXGroup;
			children = (
				2CE1F39B299439B3009338D4 /* AppDelegate.swift */,
				2CE1F39D299439B3009338D4 /* GameViewController.swift */,
				2CE1F3A2299439B3009338D4 /* LaunchScreen.storyboard */,
				2CE1F39F299439B3009338D4 /* Main.storyboard */,
			);
			path = "Chip8 iOS";
			sourceTree = "<group>";
		};
		2CE1F3AA299439B3009338D4 /* Chip8 tvOS */ = {
			isa = PBXGroup;
			children = (
				2CE1F3AB299439B3009338D4 /* AppDelegate.swift */,
				2CE1F3AD299439B3009338D4 /* GameViewController.swift */,
				2CE1F3B2299439B3009338D4 /* LaunchScreen.storyboard */,
				2CE1F3AF299439B3009338D4 /* Main.storyboard */,
			);
			path = "Chip8 tvOS";
			sourceTree = "<group>";
		};
		2CE1F3BA299439B4009338D4 /* Chip8 macOS */ = {
			isa = PBXGroup;
			children = (
				2CE1F3C2299439B4009338D4 /* Chip8_macOS.entitlements */,
				2CE1F3BB299439B4009338D4 /* AppDelegate.swift */,
				2CE1F3BD299439B4009338D4 /* GameViewController.swift */,
				2CE1F3BF299439B4009338D4 /* Main.storyboard */,
			);
			path = "Chip8 macOS";
			sourceTree = "<group>";
		};
/* End PBXGroup section */

/* Begin PBXNativeTarget section */
		2CE1F397299439B3009338D4 /* Chip8 iOS */ = {
			isa = PBXNativeTarget;
			buildConfigurationList = 2CE1F3D1299439B4009338D4 /* Build configuration list for PBXNativeTarget "Chip8 iOS" */;
			buildPhases = (
				2CE1F394299439B3009338D4 /* Sources */,
				2CE1F395299439B3009338D4 /* Frameworks */,
				2CE1F396299439B3009338D4 /* Resources */,
			);
			buildRules = (
			);
			dependencies = (
			);
			name = "Chip8 iOS";
			productName = "Chip8 iOS";
			productReference = 2CE1F398299439B3009338D4 /* Chip8.app */;
			productType = "com.apple.product-type.application";
		};
		2CE1F3A8299439B3009338D4 /* Chip8 tvOS */ = {
			isa = PBXNativeTarget;
			buildConfigurationList = 2CE1F3D4299439B4009338D4 /* Build configuration list for PBXNativeTarget "Chip8 tvOS" */;
			buildPhases = (
				2CE1F3A5299439B3009338D4 /* Sources */,
				2CE1F3A6299439B3009338D4 /* Frameworks */,
				2CE1F3A7299439B3009338D4 /* Resources */,
			);
			buildRules = (
			);
			dependencies = (
			);
			name = "Chip8 tvOS";
			productName = "Chip8 tvOS";
			productReference = 2CE1F3A9299439B3009338D4 /* Chip8.app */;
			productType = "com.apple.product-type.application";
		};
		2CE1F3B8299439B4009338D4 /* Chip8 macOS */ = {
			isa = PBXNativeTarget;
			buildConfigurationList = 2CE1F3D7299439B4009338D4 /* Build configuration list for PBXNativeTarget "Chip8 macOS" */;
			buildPhases = (
				2CE1F3B5299439B4009338D4 /* Sources */,
				2CE1F3B6299439B4009338D4 /* Frameworks */,
				2CE1F3B7299439B4009338D4 /* Resources */,
			);
			buildRules = (
			);
			dependencies = (
			);
			name = "Chip8 macOS";
			productName = "Chip8 macOS";
			productReference = 2CE1F3B9299439B4009338D4 /* Chip8.app */;
			productType = "com.apple.product-type.application";
		};
/* End PBXNativeTarget section */

/* Begin PBXProject section */
		2CE1F38B299439AF009338D4 /* Project object */ = {
			isa = PBXProject;
			attributes = {
				BuildIndependentTargetsInParallel = 1;
				LastSwiftUpdateCheck = 1420;
				LastUpgradeCheck = 1420;
				TargetAttributes = {
					2CE1F397299439B3009338D4 = {
						CreatedOnToolsVersion = 14.2;
					};
					2CE1F3A8299439B3009338D4 = {
						CreatedOnToolsVersion = 14.2;
					};
					2CE1F3B8299439B4009338D4 = {
						CreatedOnToolsVersion = 14.2;
					};
				};
			};
			buildConfigurationList = 2CE1F38E299439AF009338D4 /* Build configuration list for PBXProject "Chip8" */;
			compatibilityVersion = "Xcode 14.0";
			developmentRegion = en;
			hasScannedForEncodings = 0;
			knownRegions = (
				en,
				Base,
			);
			mainGroup = 2CE1F38A299439AF009338D4;
			productRefGroup = 2CE1F399299439B3009338D4 /* Products */;
			projectDirPath = "";
			projectRoot = "";
			targets = (
				2CE1F397299439B3009338D4 /* Chip8 iOS */,
				2CE1F3A8299439B3009338D4 /* Chip8 tvOS */,
				2CE1F3B8299439B4009338D4 /* Chip8 macOS */,
			);
		};
/* End PBXProject section */

/* Begin PBXResourcesBuildPhase section */
		2CE1F396299439B3009338D4 /* Resources */ = {
			isa = PBXResourcesBuildPhase;
			buildActionMask = 2147483647;
			files = (
				2CE1F3C6299439B4009338D4 /* GameScene.sks in Resources */,
				2CE1F3A1299439B3009338D4 /* Main.storyboard in Resources */,
				2CE1F3A4299439B3009338D4 /* LaunchScreen.storyboard in Resources */,
				2CE1F3CC299439B4009338D4 /* Assets.xcassets in Resources */,
			);
			runOnlyForDeploymentPostprocessing = 0;
		};
		2CE1F3A7299439B3009338D4 /* Resources */ = {
			isa = PBXResourcesBuildPhase;
			buildActionMask = 2147483647;
			files = (
				2CE1F3C7299439B4009338D4 /* GameScene.sks in Resources */,
				2CE1F3B1299439B3009338D4 /* Main.storyboard in Resources */,
				2CE1F3B4299439B3009338D4 /* LaunchScreen.storyboard in Resources */,
				2CE1F3CD299439B4009338D4 /* Assets.xcassets in Resources */,
			);
			runOnlyForDeploymentPostprocessing = 0;
		};
		2CE1F3B7299439B4009338D4 /* Resources */ = {
			isa = PBXResourcesBuildPhase;
			buildActionMask = 2147483647;
			files = (
				2CE1F3C1299439B4009338D4 /* Main.storyboard in Resources */,
				2CE1F3C8299439B4009338D4 /* GameScene.sks in Resources */,
				2CE1F3CE299439B4009338D4 /* Assets.xcassets in Resources */,
			);
			runOnlyForDeploymentPostprocessing = 0;
		};
/* End PBXResourcesBuildPhase section */

/* Begin PBXSourcesBuildPhase section */
		2CE1F394299439B3009338D4 /* Sources */ = {
			isa = PBXSourcesBuildPhase;
			buildActionMask = 2147483647;
			files = (
				2CE1F3C9299439B4009338D4 /* GameScene.swift in Sources */,
				2C09AC8A2AFFDE770057533A /* Chip8CPU.swift in Sources */,
				2CE1F39E299439B3009338D4 /* GameViewController.swift in Sources */,
				2CE1F39C299439B3009338D4 /* AppDelegate.swift in Sources */,
			);
			runOnlyForDeploymentPostprocessing = 0;
		};
		2CE1F3A5299439B3009338D4 /* Sources */ = {
			isa = PBXSourcesBuildPhase;
			buildActionMask = 2147483647;
			files = (
				2CE1F3CA299439B4009338D4 /* GameScene.swift in Sources */,
				2C09AC8B2AFFDE770057533A /* Chip8CPU.swift in Sources */,
				2CE1F3AE299439B3009338D4 /* GameViewController.swift in Sources */,
				2CE1F3AC299439B3009338D4 /* AppDelegate.swift in Sources */,
			);
			runOnlyForDeploymentPostprocessing = 0;
		};
		2CE1F3B5299439B4009338D4 /* Sources */ = {
			isa = PBXSourcesBuildPhase;
			buildActionMask = 2147483647;
			files = (
				2CE1F3CB299439B4009338D4 /* GameScene.swift in Sources */,
				2C09AC8C2AFFDE770057533A /* Chip8CPU.swift in Sources */,
				2CE1F3BE299439B4009338D4 /* GameViewController.swift in Sources */,
				2CE1F3BC299439B4009338D4 /* AppDelegate.swift in Sources */,
			);
			runOnlyForDeploymentPostprocessing = 0;
		};
/* End PBXSourcesBuildPhase section */

/* Begin PBXVariantGroup section */
		2CE1F39F299439B3009338D4 /* Main.storyboard */ = {
			isa = PBXVariantGroup;
			children = (
				2CE1F3A0299439B3009338D4 /* Base */,
			);
			name = Main.storyboard;
			sourceTree = "<group>";
		};
		2CE1F3A2299439B3009338D4 /* LaunchScreen.storyboard */ = {
			isa = PBXVariantGroup;
			children = (
				2CE1F3A3299439B3009338D4 /* Base */,
			);
			name = LaunchScreen.storyboard;
			sourceTree = "<group>";
		};
		2CE1F3AF299439B3009338D4 /* Main.storyboard */ = {
			isa = PBXVariantGroup;
			children = (
				2CE1F3B0299439B3009338D4 /* Base */,
			);
			name = Main.storyboard;
			sourceTree = "<group>";
		};
		2CE1F3B2299439B3009338D4 /* LaunchScreen.storyboard */ = {
			isa = PBXVariantGroup;
			children = (
				2CE1F3B3299439B3009338D4 /* Base */,
			);
			name = LaunchScreen.storyboard;
			sourceTree = "<group>";
		};
		2CE1F3BF299439B4009338D4 /* Main.storyboard */ = {
			isa = PBXVariantGroup;
			children = (
				2CE1F3C0299439B4009338D4 /* Base */,
			);
			name = Main.storyboard;
			sourceTree = "<group>";
		};
/* End PBXVariantGroup section */

/* Begin XCBuildConfiguration section */
		2CE1F3CF299439B4009338D4 /* Debug */ = {
			isa = XCBuildConfiguration;
			buildSettings = {
				ALWAYS_SEARCH_USER_PATHS = NO;
				CLANG_ANALYZER_NONNULL = YES;
				CLANG_ANALYZER_NUMBER_OBJECT_CONVERSION = YES_AGGRESSIVE;
				CLANG_CXX_LANGUAGE_STANDARD = "gnu++20";
				CLANG_ENABLE_MODULES = YES;
				CLANG_ENABLE_OBJC_ARC = YES;
				CLANG_ENABLE_OBJC_WEAK = YES;
				CLANG_WARN_BLOCK_CAPTURE_AUTORELEASING = YES;
				CLANG_WARN_BOOL_CONVERSION = YES;
				CLANG_WARN_COMMA = YES;
				CLANG_WARN_CONSTANT_CONVERSION = YES;
				CLANG_WARN_DEPRECATED_OBJC_IMPLEMENTATIONS = YES;
				CLANG_WARN_DIRECT_OBJC_ISA_USAGE = YES_ERROR;
				CLANG_WARN_DOCUMENTATION_COMMENTS = YES;
				CLANG_WARN_EMPTY_BODY = YES;
				CLANG_WARN_ENUM_CONVERSION = YES;
				CLANG_WARN_INFINITE_RECURSION = YES;
				CLANG_WARN_INT_CONVERSION = YES;
				CLANG_WARN_NON_LITERAL_NULL_CONVERSION = YES;
				CLANG_WARN_OBJC_IMPLICIT_RETAIN_SELF = YES;
				CLANG_WARN_OBJC_LITERAL_CONVERSION = YES;
				CLANG_WARN_OBJC_ROOT_CLASS = YES_ERROR;
				CLANG_WARN_QUOTED_INCLUDE_IN_FRAMEWORK_HEADER = YES;
				CLANG_WARN_RANGE_LOOP_ANALYSIS = YES;
				CLANG_WARN_STRICT_PROTOTYPES = YES;
				CLANG_WARN_SUSPICIOUS_MOVE = YES;
				CLANG_WARN_UNGUARDED_AVAILABILITY = YES_AGGRESSIVE;
				CLANG_WARN_UNREACHABLE_CODE = YES;
				CLANG_WARN__DUPLICATE_METHOD_MATCH = YES;
				COPY_PHASE_STRIP = NO;
				DEBUG_INFORMATION_FORMAT = dwarf;
				ENABLE_STRICT_OBJC_MSGSEND = YES;
				ENABLE_TESTABILITY = YES;
				GCC_C_LANGUAGE_STANDARD = gnu11;
				GCC_DYNAMIC_NO_PIC = NO;
				GCC_NO_COMMON_BLOCKS = YES;
				GCC_OPTIMIZATION_LEVEL = 0;
				GCC_PREPROCESSOR_DEFINITIONS = (
					"DEBUG=1",
					"$(inherited)",
				);
				GCC_WARN_64_TO_32_BIT_CONVERSION = YES;
				GCC_WARN_ABOUT_RETURN_TYPE = YES_ERROR;
				GCC_WARN_UNDECLARED_SELECTOR = YES;
				GCC_WARN_UNINITIALIZED_AUTOS = YES_AGGRESSIVE;
				GCC_WARN_UNUSED_FUNCTION = YES;
				GCC_WARN_UNUSED_VARIABLE = YES;
				MTL_ENABLE_DEBUG_INFO = INCLUDE_SOURCE;
				MTL_FAST_MATH = YES;
				ONLY_ACTIVE_ARCH = YES;
				SWIFT_ACTIVE_COMPILATION_CONDITIONS = DEBUG;
				SWIFT_OPTIMIZATION_LEVEL = "-Onone";
			};
			name = Debug;
		};
		2CE1F3D0299439B4009338D4 /* Release */ = {
			isa = XCBuildConfiguration;
			buildSettings = {
				ALWAYS_SEARCH_USER_PATHS = NO;
				CLANG_ANALYZER_NONNULL = YES;
				CLANG_ANALYZER_NUMBER_OBJECT_CONVERSION = YES_AGGRESSIVE;
				CLANG_CXX_LANGUAGE_STANDARD = "gnu++20";
				CLANG_ENABLE_MODULES = YES;
				CLANG_ENABLE_OBJC_ARC = YES;
				CLANG_ENABLE_OBJC_WEAK = YES;
				CLANG_WARN_BLOCK_CAPTURE_AUTORELEASING = YES;
				CLANG_WARN_BOOL_CONVERSION = YES;
				CLANG_WARN_COMMA = YES;
				CLANG_WARN_CONSTANT_CONVERSION = YES;
				CLANG_WARN_DEPRECATED_OBJC_IMPLEMENTATIONS = YES;
				CLANG_WARN_DIRECT_OBJC_ISA_USAGE = YES_ERROR;
				CLANG_WARN_DOCUMENTATION_COMMENTS = YES;
				CLANG_WARN_EMPTY_BODY = YES;
				CLANG_WARN_ENUM_CONVERSION = YES;
				CLANG_WARN_INFINITE_RECURSION = YES;
				CLANG_WARN_INT_CONVERSION = YES;
				CLANG_WARN_NON_LITERAL_NULL_CONVERSION = YES;
				CLANG_WARN_OBJC_IMPLICIT_RETAIN_SELF = YES;
				CLANG_WARN_OBJC_LITERAL_CONVERSION = YES;
				CLANG_WARN_OBJC_ROOT_CLASS = YES_ERROR;
				CLANG_WARN_QUOTED_INCLUDE_IN_FRAMEWORK_HEADER = YES;
				CLANG_WARN_RANGE_LOOP_ANALYSIS = YES;
				CLANG_WARN_STRICT_PROTOTYPES = YES;
				CLANG_WARN_SUSPICIOUS_MOVE = YES;
				CLANG_WARN_UNGUARDED_AVAILABILITY = YES_AGGRESSIVE;
				CLANG_WARN_UNREACHABLE_CODE = YES;
				CLANG_WARN__DUPLICATE_METHOD_MATCH = YES;
				COPY_PHASE_STRIP = NO;
				DEBUG_INFORMATION_FORMAT = "dwarf-with-dsym";
				ENABLE_NS_ASSERTIONS = NO;
				ENABLE_STRICT_OBJC_MSGSEND = YES;
				GCC_C_LANGUAGE_STANDARD = gnu11;
				GCC_NO_COMMON_BLOCKS = YES;
				GCC_WARN_64_TO_32_BIT_CONVERSION = YES;
				GCC_WARN_ABOUT_RETURN_TYPE = YES_ERROR;
				GCC_WARN_UNDECLARED_SELECTOR = YES;
				GCC_WARN_UNINITIALIZED_AUTOS = YES_AGGRESSIVE;
				GCC_WARN_UNUSED_FUNCTION = YES;
				GCC_WARN_UNUSED_VARIABLE = YES;
				MTL_ENABLE_DEBUG_INFO = NO;
				MTL_FAST_MATH = YES;
				SWIFT_COMPILATION_MODE = wholemodule;
				SWIFT_OPTIMIZATION_LEVEL = "-O";
			};
			name = Release;
		};
		2CE1F3D2299439B4009338D4 /* Debug */ = {
			isa = XCBuildConfiguration;
			buildSettings = {
				ASSETCATALOG_COMPILER_APPICON_NAME = AppIcon;
				ASSETCATALOG_COMPILER_GLOBAL_ACCENT_COLOR_NAME = AccentColor;
				CODE_SIGN_STYLE = Automatic;
				CURRENT_PROJECT_VERSION = 1;
				DEVELOPMENT_TEAM = DXUKH9VF73;
				GENERATE_INFOPLIST_FILE = YES;
				INFOPLIST_KEY_UIApplicationSupportsIndirectInputEvents = YES;
				INFOPLIST_KEY_UILaunchStoryboardName = LaunchScreen;
				INFOPLIST_KEY_UIMainStoryboardFile = Main;
				INFOPLIST_KEY_UIStatusBarHidden = YES;
				INFOPLIST_KEY_UISupportedInterfaceOrientations_iPad = "UIInterfaceOrientationPortrait UIInterfaceOrientationPortraitUpsideDown UIInterfaceOrientationLandscapeLeft UIInterfaceOrientationLandscapeRight";
				INFOPLIST_KEY_UISupportedInterfaceOrientations_iPhone = "UIInterfaceOrientationPortrait UIInterfaceOrientationLandscapeLeft UIInterfaceOrientationLandscapeRight";
				IPHONEOS_DEPLOYMENT_TARGET = 16.2;
				LD_RUNPATH_SEARCH_PATHS = (
					"$(inherited)",
					"@executable_path/Frameworks",
				);
				MARKETING_VERSION = 1.0;
				PRODUCT_BUNDLE_IDENTIFIER = io.kamaal.Chip8;
				PRODUCT_NAME = Chip8;
				SDKROOT = iphoneos;
				SWIFT_EMIT_LOC_STRINGS = YES;
				SWIFT_VERSION = 5.0;
				TARGETED_DEVICE_FAMILY = "1,2";
			};
			name = Debug;
		};
		2CE1F3D3299439B4009338D4 /* Release */ = {
			isa = XCBuildConfiguration;
			buildSettings = {
				ASSETCATALOG_COMPILER_APPICON_NAME = AppIcon;
				ASSETCATALOG_COMPILER_GLOBAL_ACCENT_COLOR_NAME = AccentColor;
				CODE_SIGN_STYLE = Automatic;
				CURRENT_PROJECT_VERSION = 1;
				DEVELOPMENT_TEAM = DXUKH9VF73;
				GENERATE_INFOPLIST_FILE = YES;
				INFOPLIST_KEY_UIApplicationSupportsIndirectInputEvents = YES;
				INFOPLIST_KEY_UILaunchStoryboardName = LaunchScreen;
				INFOPLIST_KEY_UIMainStoryboardFile = Main;
				INFOPLIST_KEY_UIStatusBarHidden = YES;
				INFOPLIST_KEY_UISupportedInterfaceOrientations_iPad = "UIInterfaceOrientationPortrait UIInterfaceOrientationPortraitUpsideDown UIInterfaceOrientationLandscapeLeft UIInterfaceOrientationLandscapeRight";
				INFOPLIST_KEY_UISupportedInterfaceOrientations_iPhone = "UIInterfaceOrientationPortrait UIInterfaceOrientationLandscapeLeft UIInterfaceOrientationLandscapeRight";
				IPHONEOS_DEPLOYMENT_TARGET = 16.2;
				LD_RUNPATH_SEARCH_PATHS = (
					"$(inherited)",
					"@executable_path/Frameworks",
				);
				MARKETING_VERSION = 1.0;
				PRODUCT_BUNDLE_IDENTIFIER = io.kamaal.Chip8;
				PRODUCT_NAME = Chip8;
				SDKROOT = iphoneos;
				SWIFT_EMIT_LOC_STRINGS = YES;
				SWIFT_VERSION = 5.0;
				TARGETED_DEVICE_FAMILY = "1,2";
				VALIDATE_PRODUCT = YES;
			};
			name = Release;
		};
		2CE1F3D5299439B4009338D4 /* Debug */ = {
			isa = XCBuildConfiguration;
			buildSettings = {
				ASSETCATALOG_COMPILER_APPICON_NAME = "tvOS App Icon & Top Shelf Image";
				ASSETCATALOG_COMPILER_GLOBAL_ACCENT_COLOR_NAME = AccentColor;
				CODE_SIGN_STYLE = Automatic;
				CURRENT_PROJECT_VERSION = 1;
				DEVELOPMENT_TEAM = DXUKH9VF73;
				GENERATE_INFOPLIST_FILE = YES;
				INFOPLIST_KEY_UILaunchStoryboardName = LaunchScreen;
				INFOPLIST_KEY_UIMainStoryboardFile = Main;
				INFOPLIST_KEY_UIUserInterfaceStyle = Automatic;
				LD_RUNPATH_SEARCH_PATHS = (
					"$(inherited)",
					"@executable_path/Frameworks",
				);
				MARKETING_VERSION = 1.0;
				PRODUCT_BUNDLE_IDENTIFIER = io.kamaal.Chip8;
				PRODUCT_NAME = Chip8;
				SDKROOT = appletvos;
				SWIFT_EMIT_LOC_STRINGS = YES;
				SWIFT_VERSION = 5.0;
				TARGETED_DEVICE_FAMILY = 3;
				TVOS_DEPLOYMENT_TARGET = 16.1;
			};
			name = Debug;
		};
		2CE1F3D6299439B4009338D4 /* Release */ = {
			isa = XCBuildConfiguration;
			buildSettings = {
				ASSETCATALOG_COMPILER_APPICON_NAME = "tvOS App Icon & Top Shelf Image";
				ASSETCATALOG_COMPILER_GLOBAL_ACCENT_COLOR_NAME = AccentColor;
				CODE_SIGN_STYLE = Automatic;
				CURRENT_PROJECT_VERSION = 1;
				DEVELOPMENT_TEAM = DXUKH9VF73;
				GENERATE_INFOPLIST_FILE = YES;
				INFOPLIST_KEY_UILaunchStoryboardName = LaunchScreen;
				INFOPLIST_KEY_UIMainStoryboardFile = Main;
				INFOPLIST_KEY_UIUserInterfaceStyle = Automatic;
				LD_RUNPATH_SEARCH_PATHS = (
					"$(inherited)",
					"@executable_path/Frameworks",
				);
				MARKETING_VERSION = 1.0;
				PRODUCT_BUNDLE_IDENTIFIER = io.kamaal.Chip8;
				PRODUCT_NAME = Chip8;
				SDKROOT = appletvos;
				SWIFT_EMIT_LOC_STRINGS = YES;
				SWIFT_VERSION = 5.0;
				TARGETED_DEVICE_FAMILY = 3;
				TVOS_DEPLOYMENT_TARGET = 16.1;
				VALIDATE_PRODUCT = YES;
			};
			name = Release;
		};
		2CE1F3D8299439B4009338D4 /* Debug */ = {
			isa = XCBuildConfiguration;
			buildSettings = {
				ASSETCATALOG_COMPILER_APPICON_NAME = AppIcon;
				ASSETCATALOG_COMPILER_GLOBAL_ACCENT_COLOR_NAME = AccentColor;
				CODE_SIGN_ENTITLEMENTS = "Chip8 macOS/Chip8_macOS.entitlements";
				CODE_SIGN_STYLE = Automatic;
				COMBINE_HIDPI_IMAGES = YES;
				CURRENT_PROJECT_VERSION = 1;
				DEVELOPMENT_TEAM = DXUKH9VF73;
				ENABLE_HARDENED_RUNTIME = YES;
				GENERATE_INFOPLIST_FILE = YES;
				INFOPLIST_KEY_NSHumanReadableCopyright = "";
				INFOPLIST_KEY_NSMainStoryboardFile = Main;
				INFOPLIST_KEY_NSPrincipalClass = NSApplication;
				LD_RUNPATH_SEARCH_PATHS = (
					"$(inherited)",
					"@executable_path/../Frameworks",
				);
				MACOSX_DEPLOYMENT_TARGET = 13.1;
				MARKETING_VERSION = 1.0;
				PRODUCT_BUNDLE_IDENTIFIER = io.kamaal.Chip8;
				PRODUCT_NAME = Chip8;
				SDKROOT = macosx;
				SWIFT_EMIT_LOC_STRINGS = YES;
				SWIFT_VERSION = 5.0;
			};
			name = Debug;
		};
		2CE1F3D9299439B4009338D4 /* Release */ = {
			isa = XCBuildConfiguration;
			buildSettings = {
				ASSETCATALOG_COMPILER_APPICON_NAME = AppIcon;
				ASSETCATALOG_COMPILER_GLOBAL_ACCENT_COLOR_NAME = AccentColor;
				CODE_SIGN_ENTITLEMENTS = "Chip8 macOS/Chip8_macOS.entitlements";
				CODE_SIGN_STYLE = Automatic;
				COMBINE_HIDPI_IMAGES = YES;
				CURRENT_PROJECT_VERSION = 1;
				DEVELOPMENT_TEAM = DXUKH9VF73;
				ENABLE_HARDENED_RUNTIME = YES;
				GENERATE_INFOPLIST_FILE = YES;
				INFOPLIST_KEY_NSHumanReadableCopyright = "";
				INFOPLIST_KEY_NSMainStoryboardFile = Main;
				INFOPLIST_KEY_NSPrincipalClass = NSApplication;
				LD_RUNPATH_SEARCH_PATHS = (
					"$(inherited)",
					"@executable_path/../Frameworks",
				);
				MACOSX_DEPLOYMENT_TARGET = 13.1;
				MARKETING_VERSION = 1.0;
				PRODUCT_BUNDLE_IDENTIFIER = io.kamaal.Chip8;
				PRODUCT_NAME = Chip8;
				SDKROOT = macosx;
				SWIFT_EMIT_LOC_STRINGS = YES;
				SWIFT_VERSION = 5.0;
			};
			name = Release;
		};
/* End XCBuildConfiguration section */

/* Begin XCConfigurationList section */
		2CE1F38E299439AF009338D4 /* Build configuration list for PBXProject "Chip8" */ = {
			isa = XCConfigurationList;
			buildConfigurations = (
				2CE1F3CF299439B4009338D4 /* Debug */,
				2CE1F3D0299439B4009338D4 /* Release */,
			);
			defaultConfigurationIsVisible = 0;
			defaultConfigurationName = Release;
		};
		2CE1F3D1299439B4009338D4 /* Build configuration list for PBXNativeTarget "Chip8 iOS" */ = {
			isa = XCConfigurationList;
			buildConfigurations = (
				2CE1F3D2299439B4009338D4 /* Debug */,
				2CE1F3D3299439B4009338D4 /* Release */,
			);
			defaultConfigurationIsVisible = 0;
			defaultConfigurationName = Release;
		};
		2CE1F3D4299439B4009338D4 /* Build configuration list for PBXNativeTarget "Chip8 tvOS" */ = {
			isa = XCConfigurationList;
			buildConfigurations = (
				2CE1F3D5299439B4009338D4 /* Debug */,
				2CE1F3D6299439B4009338D4 /* Release */,
			);
			defaultConfigurationIsVisible = 0;
			defaultConfigurationName = Release;
		};
		2CE1F3D7299439B4009338D4 /* Build configuration list for PBXNativeTarget "Chip8 macOS" */ = {
			isa = XCConfigurationList;
			buildConfigurations = (
				2CE1F3D8299439B4009338D4 /* Debug */,
				2CE1F3D9299439B4009338D4 /* Release */,
			);
			defaultConfigurationIsVisible = 0;
			defaultConfigurationName = Release;
		};
/* End XCConfigurationList section */
	};
	rootObject = 2CE1F38B299439AF009338D4 /* Project object */;
}
